
Microsoft Visual Studio Solution File, Format Version 12.00
# Visual Studio Version 16
VisualStudioVersion = 16.0.30011.22
MinimumVisualStudioVersion = 10.0.40219.1
Project("{FAE04EC0-301F-11D3-BF4B-00C04F79EFBC}") = "PopularMusic.Android", "PopularMusic\PopularMusic.Android\PopularMusic.Android.csproj", "{3D315ABE-9280-4DA2-9D3E-B5F9DDB79172}"
EndProject
Project("{FAE04EC0-301F-11D3-BF4B-00C04F79EFBC}") = "PopularMusic.iOS", "PopularMusic\PopularMusic.iOS\PopularMusic.iOS.csproj", "{D49070C5-5FD8-4641-A324-703D26BA9971}"
EndProject
Project("{9A19103F-16F7-4668-BE54-9A1E7A4F7556}") = "PopularMusic", "PopularMusic\PopularMusic\PopularMusic.csproj", "{9AAC18BC-36A7-4149-B46C-81323518759E}"
EndProject
Global
	GlobalSection(SolutionConfigurationPlatforms) = preSolution
		Debug|Any CPU = Debug|Any CPU
		Debug|ARM = Debug|ARM
		Debug|iPhone = Debug|iPhone
		Debug|iPhoneSimulator = Debug|iPhoneSimulator
		Debug|x64 = Debug|x64
		Debug|x86 = Debug|x86
		Release|Any CPU = Release|Any CPU
		Release|ARM = Release|ARM
		Release|iPhone = Release|iPhone
		Release|iPhoneSimulator = Release|iPhoneSimulator
		Release|x64 = Release|x64
		Release|x86 = Release|x86
	EndGlobalSection
	GlobalSection(ProjectConfigurationPlatforms) = postSolution
		{3D315ABE-9280-4DA2-9D3E-B5F9DDB79172}.Debug|Any CPU.ActiveCfg = Debug|Any CPU
		{3D315ABE-9280-4DA2-9D3E-B5F9DDB79172}.Debug|Any CPU.Build.0 = Debug|Any CPU
		{3D315ABE-9280-4DA2-9D3E-B5F9DDB79172}.Debug|Any CPU.Deploy.0 = Debug|Any CPU
		{3D315ABE-9280-4DA2-9D3E-B5F9DDB79172}.Debug|ARM.ActiveCfg = Debug|Any CPU
		{3D315ABE-9280-4DA2-9D3E-B5F9DDB79172}.Debug|ARM.Build.0 = Debug|Any CPU
		{3D315ABE-9280-4DA2-9D3E-B5F9DDB79172}.Debug|ARM.Deploy.0 = Debug|Any CPU
		{3D315ABE-9280-4DA2-9D3E-B5F9DDB79172}.Debug|iPhone.ActiveCfg = Debug|Any CPU
		{3D315ABE-9280-4DA2-9D3E-B5F9DDB79172}.Debug|iPhone.Build.0 = Debug|Any CPU
		{3D315ABE-9280-4DA2-9D3E-B5F9DDB79172}.Debug|iPhone.Deploy.0 = Debug|Any CPU
		{3D315ABE-9280-4DA2-9D3E-B5F9DDB79172}.Debug|iPhoneSimulator.ActiveCfg = Debug|Any CPU
		{3D315ABE-9280-4DA2-9D3E-B5F9DDB79172}.Debug|iPhoneSimulator.Build.0 = Debug|Any CPU
		{3D315ABE-9280-4DA2-9D3E-B5F9DDB79172}.Debug|iPhoneSimulator.Deploy.0 = Debug|Any CPU
		{3D315ABE-9280-4DA2-9D3E-B5F9DDB79172}.Debug|x64.ActiveCfg = Debug|Any CPU
		{3D315ABE-9280-4DA2-9D3E-B5F9DDB79172}.Debug|x64.Build.0 = Debug|Any CPU
		{3D315ABE-9280-4DA2-9D3E-B5F9DDB79172}.Debug|x64.Deploy.0 = Debug|Any CPU
		{3D315ABE-9280-4DA2-9D3E-B5F9DDB79172}.Debug|x86.ActiveCfg = Debug|Any CPU
		{3D315ABE-9280-4DA2-9D3E-B5F9DDB79172}.Debug|x86.Build.0 = Debug|Any CPU
		{3D315ABE-9280-4DA2-9D3E-B5F9DDB79172}.Debug|x86.Deploy.0 = Debug|Any CPU
		{3D315ABE-9280-4DA2-9D3E-B5F9DDB79172}.Release|Any CPU.ActiveCfg = Release|Any CPU
		{3D315ABE-9280-4DA2-9D3E-B5F9DDB79172}.Release|Any CPU.Build.0 = Release|Any CPU
		{3D315ABE-9280-4DA2-9D3E-B5F9DDB79172}.Release|Any CPU.Deploy.0 = Release|Any CPU
		{3D315ABE-9280-4DA2-9D3E-B5F9DDB79172}.Release|ARM.ActiveCfg = Release|Any CPU
		{3D315ABE-9280-4DA2-9D3E-B5F9DDB79172}.Release|ARM.Build.0 = Release|Any CPU
		{3D315ABE-9280-4DA2-9D3E-B5F9DDB79172}.Release|ARM.Deploy.0 = Release|Any CPU
		{3D315ABE-9280-4DA2-9D3E-B5F9DDB79172}.Release|iPhone.ActiveCfg = Release|Any CPU
		{3D315ABE-9280-4DA2-9D3E-B5F9DDB79172}.Release|iPhone.Build.0 = Release|Any CPU
		{3D315ABE-9280-4DA2-9D3E-B5F9DDB79172}.Release|iPhone.Deploy.0 = Release|Any CPU
		{3D315ABE-9280-4DA2-9D3E-B5F9DDB79172}.Release|iPhoneSimulator.ActiveCfg = Release|Any CPU
		{3D315ABE-9280-4DA2-9D3E-B5F9DDB79172}.Release|iPhoneSimulator.Build.0 = Release|Any CPU
		{3D315ABE-9280-4DA2-9D3E-B5F9DDB79172}.Release|iPhoneSimulator.Deploy.0 = Release|Any CPU
		{3D315ABE-9280-4DA2-9D3E-B5F9DDB79172}.Release|x64.ActiveCfg = Release|Any CPU
		{3D315ABE-9280-4DA2-9D3E-B5F9DDB79172}.Release|x64.Build.0 = Release|Any CPU
		{3D315ABE-9280-4DA2-9D3E-B5F9DDB79172}.Release|x64.Deploy.0 = Release|Any CPU
		{3D315ABE-9280-4DA2-9D3E-B5F9DDB79172}.Release|x86.ActiveCfg = Release|Any CPU
		{3D315ABE-9280-4DA2-9D3E-B5F9DDB79172}.Release|x86.Build.0 = Release|Any CPU
		{3D315ABE-9280-4DA2-9D3E-B5F9DDB79172}.Release|x86.Deploy.0 = Release|Any CPU
		{D49070C5-5FD8-4641-A324-703D26BA9971}.Debug|Any CPU.ActiveCfg = Debug|iPhone
		{D49070C5-5FD8-4641-A324-703D26BA9971}.Debug|ARM.ActiveCfg = Debug|iPhone
		{D49070C5-5FD8-4641-A324-703D26BA9971}.Debug|ARM.Build.0 = Debug|iPhone
		{D49070C5-5FD8-4641-A324-703D26BA9971}.Debug|ARM.Deploy.0 = Debug|iPhone
		{D49070C5-5FD8-4641-A324-703D26BA9971}.Debug|iPhone.ActiveCfg = Debug|iPhone
		{D49070C5-5FD8-4641-A324-703D26BA9971}.Debug|iPhone.Build.0 = Debug|iPhone
		{D49070C5-5FD8-4641-A324-703D26BA9971}.Debug|iPhone.Deploy.0 = Debug|iPhone
		{D49070C5-5FD8-4641-A324-703D26BA9971}.Debug|iPhoneSimulator.ActiveCfg = Debug|iPhoneSimulator
		{D49070C5-5FD8-4641-A324-703D26BA9971}.Debug|iPhoneSimulator.Build.0 = Debug|iPhoneSimulator
		{D49070C5-5FD8-4641-A324-703D26BA9971}.Debug|iPhoneSimulator.Deploy.0 = Debug|iPhoneSimulator
		{D49070C5-5FD8-4641-A324-703D26BA9971}.Debug|x64.ActiveCfg = Debug|iPhone
		{D49070C5-5FD8-4641-A324-703D26BA9971}.Debug|x64.Build.0 = Debug|iPhone
		{D49070C5-5FD8-4641-A324-703D26BA9971}.Debug|x64.Deploy.0 = Debug|iPhone
		{D49070C5-5FD8-4641-A324-703D26BA9971}.Debug|x86.ActiveCfg = Debug|iPhone
		{D49070C5-5FD8-4641-A324-703D26BA9971}.Debug|x86.Build.0 = Debug|iPhone
		{D49070C5-5FD8-4641-A324-703D26BA9971}.Debug|x86.Deploy.0 = Debug|iPhone
		{D49070C5-5FD8-4641-A324-703D26BA9971}.Release|Any CPU.ActiveCfg = Release|iPhone
		{D49070C5-5FD8-4641-A324-703D26BA9971}.Release|Any CPU.Build.0 = Release|iPhone
		{D49070C5-5FD8-4641-A324-703D26BA9971}.Release|Any CPU.Deploy.0 = Release|iPhone
		{D49070C5-5FD8-4641-A324-703D26BA9971}.Release|ARM.ActiveCfg = Release|iPhone
		{D49070C5-5FD8-4641-A324-703D26BA9971}.Release|ARM.Build.0 = Release|iPhone
		{D49070C5-5FD8-4641-A324-703D26BA9971}.Release|ARM.Deploy.0 = Release|iPhone
		{D49070C5-5FD8-4641-A324-703D26BA9971}.Release|iPhone.ActiveCfg = Release|iPhone
		{D49070C5-5FD8-4641-A324-703D26BA9971}.Release|iPhone.Build.0 = Release|iPhone
		{D49070C5-5FD8-4641-A324-703D26BA9971}.Release|iPhone.Deploy.0 = Release|iPhone
		{D49070C5-5FD8-4641-A324-703D26BA9971}.Release|iPhoneSimulator.ActiveCfg = Release|iPhoneSimulator
		{D49070C5-5FD8-4641-A324-703D26BA9971}.Release|iPhoneSimulator.Build.0 = Release|iPhoneSimulator
		{D49070C5-5FD8-4641-A324-703D26BA9971}.Release|iPhoneSimulator.Deploy.0 = Release|iPhoneSimulator
		{D49070C5-5FD8-4641-A324-703D26BA9971}.Release|x64.ActiveCfg = Release|iPhone
		{D49070C5-5FD8-4641-A324-703D26BA9971}.Release|x64.Build.0 = Release|iPhone
		{D49070C5-5FD8-4641-A324-703D26BA9971}.Release|x64.Deploy.0 = Release|iPhone
		{D49070C5-5FD8-4641-A324-703D26BA9971}.Release|x86.ActiveCfg = Release|iPhone
		{D49070C5-5FD8-4641-A324-703D26BA9971}.Release|x86.Build.0 = Release|iPhone
		{D49070C5-5FD8-4641-A324-703D26BA9971}.Release|x86.Deploy.0 = Release|iPhone
		{9AAC18BC-36A7-4149-B46C-81323518759E}.Debug|Any CPU.ActiveCfg = Debug|Any CPU
		{9AAC18BC-36A7-4149-B46C-81323518759E}.Debug|Any CPU.Build.0 = Debug|Any CPU
		{9AAC18BC-36A7-4149-B46C-81323518759E}.Debug|Any CPU.Deploy.0 = Debug|Any CPU
		{9AAC18BC-36A7-4149-B46C-81323518759E}.Debug|ARM.ActiveCfg = Debug|Any CPU
		{9AAC18BC-36A7-4149-B46C-81323518759E}.Debug|ARM.Build.0 = Debug|Any CPU
		{9AAC18BC-36A7-4149-B46C-81323518759E}.Debug|ARM.Deploy.0 = Debug|Any CPU
		{9AAC18BC-36A7-4149-B46C-81323518759E}.Debug|iPhone.ActiveCfg = Debug|Any CPU
		{9AAC18BC-36A7-4149-B46C-81323518759E}.Debug|iPhone.Build.0 = Debug|Any CPU
		{9AAC18BC-36A7-4149-B46C-81323518759E}.Debug|iPhone.Deploy.0 = Debug|Any CPU
		{9AAC18BC-36A7-4149-B46C-81323518759E}.Debug|iPhoneSimulator.ActiveCfg = Debug|Any CPU
		{9AAC18BC-36A7-4149-B46C-81323518759E}.Debug|iPhoneSimulator.Build.0 = Debug|Any CPU
		{9AAC18BC-36A7-4149-B46C-81323518759E}.Debug|iPhoneSimulator.Deploy.0 = Debug|Any CPU
		{9AAC18BC-36A7-4149-B46C-81323518759E}.Debug|x64.ActiveCfg = Debug|Any CPU
		{9AAC18BC-36A7-4149-B46C-81323518759E}.Debug|x64.Build.0 = Debug|Any CPU
		{9AAC18BC-36A7-4149-B46C-81323518759E}.Debug|x64.Deploy.0 = Debug|Any CPU
		{9AAC18BC-36A7-4149-B46C-81323518759E}.Debug|x86.ActiveCfg = Debug|Any CPU
		{9AAC18BC-36A7-4149-B46C-81323518759E}.Debug|x86.Build.0 = Debug|Any CPU
		{9AAC18BC-36A7-4149-B46C-81323518759E}.Debug|x86.Deploy.0 = Debug|Any CPU
		{9AAC18BC-36A7-4149-B46C-81323518759E}.Release|Any CPU.ActiveCfg = Release|Any CPU
		{9AAC18BC-36A7-4149-B46C-81323518759E}.Release|Any CPU.Build.0 = Release|Any CPU
		{9AAC18BC-36A7-4149-B46C-81323518759E}.Release|Any CPU.Deploy.0 = Release|Any CPU
		{9AAC18BC-36A7-4149-B46C-81323518759E}.Release|ARM.ActiveCfg = Release|Any CPU
		{9AAC18BC-36A7-4149-B46C-81323518759E}.Release|ARM.Build.0 = Release|Any CPU
		{9AAC18BC-36A7-4149-B46C-81323518759E}.Release|ARM.Deploy.0 = Release|Any CPU
		{9AAC18BC-36A7-4149-B46C-81323518759E}.Release|iPhone.ActiveCfg = Release|Any CPU
		{9AAC18BC-36A7-4149-B46C-81323518759E}.Release|iPhone.Build.0 = Release|Any CPU
		{9AAC18BC-36A7-4149-B46C-81323518759E}.Release|iPhone.Deploy.0 = Release|Any CPU
		{9AAC18BC-36A7-4149-B46C-81323518759E}.Release|iPhoneSimulator.ActiveCfg = Release|Any CPU
		{9AAC18BC-36A7-4149-B46C-81323518759E}.Release|iPhoneSimulator.Build.0 = Release|Any CPU
		{9AAC18BC-36A7-4149-B46C-81323518759E}.Release|iPhoneSimulator.Deploy.0 = Release|Any CPU
		{9AAC18BC-36A7-4149-B46C-81323518759E}.Release|x64.ActiveCfg = Release|Any CPU
		{9AAC18BC-36A7-4149-B46C-81323518759E}.Release|x64.Build.0 = Release|Any CPU
		{9AAC18BC-36A7-4149-B46C-81323518759E}.Release|x64.Deploy.0 = Release|Any CPU
		{9AAC18BC-36A7-4149-B46C-81323518759E}.Release|x86.ActiveCfg = Release|Any CPU
		{9AAC18BC-36A7-4149-B46C-81323518759E}.Release|x86.Build.0 = Release|Any CPU
		{9AAC18BC-36A7-4149-B46C-81323518759E}.Release|x86.Deploy.0 = Release|Any CPU
	EndGlobalSection
	GlobalSection(SolutionProperties) = preSolution
		HideSolutionNode = FALSE
	EndGlobalSection
	GlobalSection(ExtensibilityGlobals) = postSolution
		SolutionGuid = {3E8F04A2-717A-4C8A-B0CA-E1B5EFF762C5}
	EndGlobalSection
EndGlobal
